# This file is automatically @generated by Poetry 1.4.2 and should not be changed by hand.

[[package]]
name = "absl-py"
version = "2.1.0"
description = "Abseil Python Common Libraries, see https://github.com/abseil/abseil-py."
category = "main"
optional = false
python-versions = ">=3.7"
files = [
    {file = "absl-py-2.1.0.tar.gz", hash = "sha256:7820790efbb316739cde8b4e19357243fc3608a152024288513dd968d7d959ff"},
    {file = "absl_py-2.1.0-py3-none-any.whl", hash = "sha256:526a04eadab8b4ee719ce68f204172ead1027549089702d99b9059f129ff1308"},
]

[[package]]
name = "black"
version = "24.3.0"
description = "The uncompromising code formatter."
category = "dev"
optional = false
python-versions = ">=3.8"
files = [
    {file = "black-24.3.0-cp310-cp310-macosx_10_9_x86_64.whl", hash = "sha256:7d5e026f8da0322b5662fa7a8e752b3fa2dac1c1cbc213c3d7ff9bdd0ab12395"},
    {file = "black-24.3.0-cp310-cp310-macosx_11_0_arm64.whl", hash = "sha256:9f50ea1132e2189d8dff0115ab75b65590a3e97de1e143795adb4ce317934995"},
    {file = "black-24.3.0-cp310-cp310-manylinux_2_17_x86_64.manylinux2014_x86_64.whl", hash = "sha256:e2af80566f43c85f5797365077fb64a393861a3730bd110971ab7a0c94e873e7"},
    {file = "black-24.3.0-cp310-cp310-win_amd64.whl", hash = "sha256:4be5bb28e090456adfc1255e03967fb67ca846a03be7aadf6249096100ee32d0"},
    {file = "black-24.3.0-cp311-cp311-macosx_10_9_x86_64.whl", hash = "sha256:4f1373a7808a8f135b774039f61d59e4be7eb56b2513d3d2f02a8b9365b8a8a9"},
    {file = "black-24.3.0-cp311-cp311-macosx_11_0_arm64.whl", hash = "sha256:aadf7a02d947936ee418777e0247ea114f78aff0d0959461057cae8a04f20597"},
    {file = "black-24.3.0-cp311-cp311-manylinux_2_17_x86_64.manylinux2014_x86_64.whl", hash = "sha256:65c02e4ea2ae09d16314d30912a58ada9a5c4fdfedf9512d23326128ac08ac3d"},
    {file = "black-24.3.0-cp311-cp311-win_amd64.whl", hash = "sha256:bf21b7b230718a5f08bd32d5e4f1db7fc8788345c8aea1d155fc17852b3410f5"},
    {file = "black-24.3.0-cp312-cp312-macosx_10_9_x86_64.whl", hash = "sha256:2818cf72dfd5d289e48f37ccfa08b460bf469e67fb7c4abb07edc2e9f16fb63f"},
    {file = "black-24.3.0-cp312-cp312-macosx_11_0_arm64.whl", hash = "sha256:4acf672def7eb1725f41f38bf6bf425c8237248bb0804faa3965c036f7672d11"},
    {file = "black-24.3.0-cp312-cp312-manylinux_2_17_x86_64.manylinux2014_x86_64.whl", hash = "sha256:c7ed6668cbbfcd231fa0dc1b137d3e40c04c7f786e626b405c62bcd5db5857e4"},
    {file = "black-24.3.0-cp312-cp312-win_amd64.whl", hash = "sha256:56f52cfbd3dabe2798d76dbdd299faa046a901041faf2cf33288bc4e6dae57b5"},
    {file = "black-24.3.0-cp38-cp38-macosx_10_9_x86_64.whl", hash = "sha256:79dcf34b33e38ed1b17434693763301d7ccbd1c5860674a8f871bd15139e7837"},
    {file = "black-24.3.0-cp38-cp38-macosx_11_0_arm64.whl", hash = "sha256:e19cb1c6365fd6dc38a6eae2dcb691d7d83935c10215aef8e6c38edee3f77abd"},
    {file = "black-24.3.0-cp38-cp38-manylinux_2_17_x86_64.manylinux2014_x86_64.whl", hash = "sha256:65b76c275e4c1c5ce6e9870911384bff5ca31ab63d19c76811cb1fb162678213"},
    {file = "black-24.3.0-cp38-cp38-win_amd64.whl", hash = "sha256:b5991d523eee14756f3c8d5df5231550ae8993e2286b8014e2fdea7156ed0959"},
    {file = "black-24.3.0-cp39-cp39-macosx_10_9_x86_64.whl", hash = "sha256:c45f8dff244b3c431b36e3224b6be4a127c6aca780853574c00faf99258041eb"},
    {file = "black-24.3.0-cp39-cp39-macosx_11_0_arm64.whl", hash = "sha256:6905238a754ceb7788a73f02b45637d820b2f5478b20fec82ea865e4f5d4d9f7"},
    {file = "black-24.3.0-cp39-cp39-manylinux_2_17_x86_64.manylinux2014_x86_64.whl", hash = "sha256:d7de8d330763c66663661a1ffd432274a2f92f07feeddd89ffd085b5744f85e7"},
    {file = "black-24.3.0-cp39-cp39-win_amd64.whl", hash = "sha256:7bb041dca0d784697af4646d3b62ba4a6b028276ae878e53f6b4f74ddd6db99f"},
    {file = "black-24.3.0-py3-none-any.whl", hash = "sha256:41622020d7120e01d377f74249e677039d20e6344ff5851de8a10f11f513bf93"},
    {file = "black-24.3.0.tar.gz", hash = "sha256:a0c9c4a0771afc6919578cec71ce82a3e31e054904e7197deacbc9382671c41f"},
]

[package.dependencies]
click = ">=8.0.0"
mypy-extensions = ">=0.4.3"
packaging = ">=22.0"
pathspec = ">=0.9.0"
platformdirs = ">=2"

[package.extras]
colorama = ["colorama (>=0.4.3)"]
d = ["aiohttp (>=3.7.4)", "aiohttp (>=3.7.4,!=3.9.0)"]
jupyter = ["ipython (>=7.8.0)", "tokenize-rt (>=3.2.0)"]
uvloop = ["uvloop (>=0.15.2)"]

[[package]]
name = "chex"
version = "0.1.86"
description = "Chex: Testing made fun, in JAX!"
category = "main"
optional = false
python-versions = ">=3.9"
files = [
    {file = "chex-0.1.86-py3-none-any.whl", hash = "sha256:251c20821092323a3d9c28e1cf80e4a58180978bec368f531949bd9847eee568"},
    {file = "chex-0.1.86.tar.gz", hash = "sha256:e8b0f96330eba4144659e1617c0f7a57b161e8cbb021e55c6d5056c7378091d1"},
]

[package.dependencies]
absl-py = ">=0.9.0"
jax = ">=0.4.16"
jaxlib = ">=0.1.37"
numpy = ">=1.24.1"
toolz = ">=0.9.0"
typing-extensions = ">=4.2.0"

[[package]]
name = "click"
version = "8.1.7"
description = "Composable command line interface toolkit"
category = "dev"
optional = false
python-versions = ">=3.7"
files = [
    {file = "click-8.1.7-py3-none-any.whl", hash = "sha256:ae74fb96c20a0277a1d615f1e4d73c8414f5a98db8b799a7931d1582f3390c28"},
    {file = "click-8.1.7.tar.gz", hash = "sha256:ca9853ad459e787e2192211578cc907e7594e294c7ccc834310722b41b9ca6de"},
]

[package.dependencies]
colorama = {version = "*", markers = "platform_system == \"Windows\""}

[[package]]
name = "colorama"
version = "0.4.6"
description = "Cross-platform colored terminal text."
category = "dev"
optional = false
python-versions = "!=3.0.*,!=3.1.*,!=3.2.*,!=3.3.*,!=3.4.*,!=3.5.*,!=3.6.*,>=2.7"
files = [
    {file = "colorama-0.4.6-py2.py3-none-any.whl", hash = "sha256:4f1d9991f5acc0ca119f9d443620b77f9d6b33703e51011c16baf57afb285fc6"},
    {file = "colorama-0.4.6.tar.gz", hash = "sha256:08695f5cb7ed6e0531a20572697297273c47b8cae5a63ffc6d6ed5c201be6e44"},
]

[[package]]
name = "etils"
version = "1.8.0"
description = "Collection of common python utils"
category = "main"
optional = false
python-versions = ">=3.11"
files = [
    {file = "etils-1.8.0-py3-none-any.whl", hash = "sha256:f31d7f27a889457eaa44eab18ce836d24fd6d40dbbb167d38879b7296f6456ea"},
    {file = "etils-1.8.0.tar.gz", hash = "sha256:fb478f57fec202e260e54c9192b317692fd63db2d11d993e70bcdffa29cccd58"},
]

[package.dependencies]
fsspec = {version = "*", optional = true, markers = "extra == \"epath\""}
importlib_resources = {version = "*", optional = true, markers = "extra == \"epath\""}
typing_extensions = {version = "*", optional = true, markers = "extra == \"epy\""}
zipp = {version = "*", optional = true, markers = "extra == \"epath\""}

[package.extras]
all = ["etils[array-types]", "etils[eapp]", "etils[ecolab]", "etils[edc]", "etils[enp]", "etils[epath-gcs]", "etils[epath-s3]", "etils[epath]", "etils[epy]", "etils[etqdm]", "etils[etree-dm]", "etils[etree-jax]", "etils[etree-tf]", "etils[etree]"]
array-types = ["etils[enp]"]
dev = ["chex", "dataclass_array", "optree", "pyink", "pylint (>=2.6.0)", "pytest", "pytest-subtests", "pytest-xdist", "torch"]
docs = ["etils[all,dev]", "sphinx-apitree[ext]"]
eapp = ["absl-py", "etils[epy]", "simple_parsing"]
ecolab = ["etils[enp]", "etils[epy]", "etils[etree]", "jupyter", "mediapy", "numpy", "packaging", "protobuf"]
edc = ["etils[epy]"]
enp = ["etils[epy]", "numpy"]
epath = ["etils[epy]", "fsspec", "importlib_resources", "typing_extensions", "zipp"]
epath-gcs = ["etils[epath]", "gcsfs"]
epath-s3 = ["etils[epath]", "s3fs"]
epy = ["typing_extensions"]
etqdm = ["absl-py", "etils[epy]", "tqdm"]
etree = ["etils[array-types]", "etils[enp]", "etils[epy]", "etils[etqdm]"]
etree-dm = ["dm-tree", "etils[etree]"]
etree-jax = ["etils[etree]", "jax[cpu]"]
etree-tf = ["etils[etree]", "tensorflow"]
lazy-imports = ["etils[ecolab]"]

[[package]]
name = "fsspec"
version = "2024.3.1"
description = "File-system specification"
category = "main"
optional = false
python-versions = ">=3.8"
files = [
    {file = "fsspec-2024.3.1-py3-none-any.whl", hash = "sha256:918d18d41bf73f0e2b261824baeb1b124bcf771767e3a26425cd7dec3332f512"},
    {file = "fsspec-2024.3.1.tar.gz", hash = "sha256:f39780e282d7d117ffb42bb96992f8a90795e4d0fb0f661a70ca39fe9c43ded9"},
]

[package.extras]
abfs = ["adlfs"]
adl = ["adlfs"]
arrow = ["pyarrow (>=1)"]
dask = ["dask", "distributed"]
devel = ["pytest", "pytest-cov"]
dropbox = ["dropbox", "dropboxdrivefs", "requests"]
full = ["adlfs", "aiohttp (!=4.0.0a0,!=4.0.0a1)", "dask", "distributed", "dropbox", "dropboxdrivefs", "fusepy", "gcsfs", "libarchive-c", "ocifs", "panel", "paramiko", "pyarrow (>=1)", "pygit2", "requests", "s3fs", "smbprotocol", "tqdm"]
fuse = ["fusepy"]
gcs = ["gcsfs"]
git = ["pygit2"]
github = ["requests"]
gs = ["gcsfs"]
gui = ["panel"]
hdfs = ["pyarrow (>=1)"]
http = ["aiohttp (!=4.0.0a0,!=4.0.0a1)"]
libarchive = ["libarchive-c"]
oci = ["ocifs"]
s3 = ["s3fs"]
sftp = ["paramiko"]
smb = ["smbprotocol"]
ssh = ["paramiko"]
tqdm = ["tqdm"]

[[package]]
name = "glfw"
version = "2.7.0"
description = "A ctypes-based wrapper for GLFW3."
category = "main"
optional = false
python-versions = "*"
files = [
    {file = "glfw-2.7.0-py2.py27.py3.py30.py31.py32.py33.py34.py35.py36.py37.py38-none-macosx_10_6_intel.whl", hash = "sha256:bd82849edcceda4e262bd1227afaa74b94f9f0731c1197863cd25c15bfc613fc"},
    {file = "glfw-2.7.0-py2.py27.py3.py30.py31.py32.py33.py34.py35.py36.py37.py38-none-macosx_11_0_arm64.whl", hash = "sha256:56ea163c964bb0bc336def2d6a6a1bd42f9db4b870ef834ac77d7b7ee68b8dfc"},
    {file = "glfw-2.7.0-py2.py27.py3.py30.py31.py32.py33.py34.py35.py36.py37.py38-none-manylinux2010_i686.whl", hash = "sha256:463aab9e5567c83d8120556b3a845807c60950ed0218fc1283368f46f5ece331"},
    {file = "glfw-2.7.0-py2.py27.py3.py30.py31.py32.py33.py34.py35.py36.py37.py38-none-manylinux2010_x86_64.whl", hash = "sha256:a6f54188dfc349e5426b0ada84843f6eb35a3811d8dbf57ae49c448e7d683bb4"},
    {file = "glfw-2.7.0-py2.py27.py3.py30.py31.py32.py33.py34.py35.py36.py37.py38-none-manylinux2014_aarch64.whl", hash = "sha256:e33568b0aba2045a3d7555f22fcf83fafcacc7c2fc4cb995741894ea51e43ab6"},
    {file = "glfw-2.7.0-py2.py27.py3.py30.py31.py32.py33.py34.py35.py36.py37.py38-none-manylinux2014_x86_64.whl", hash = "sha256:d8630dd9673860c427abde5b79bbc348e02eccde8a3f2a802c5a2a4fb5d79fb8"},
    {file = "glfw-2.7.0-py2.py27.py3.py30.py31.py32.py33.py34.py35.py36.py37.py38-none-win32.whl", hash = "sha256:ff92d14ac1c7afa9c5deb495c335b485868709880e6e080e99ace7026d74c756"},
    {file = "glfw-2.7.0-py2.py27.py3.py30.py31.py32.py33.py34.py35.py36.py37.py38-none-win_amd64.whl", hash = "sha256:20d4b31a5a6a61fb787b25f8408204e0e248313cc500953071d13d30a2e5cc9d"},
    {file = "glfw-2.7.0.tar.gz", hash = "sha256:0e209ad38fa8c5be67ca590d7b17533d95ad1eb57d0a3f07b98131db69b79000"},
]

[package.extras]
preview = ["glfw-preview"]

[[package]]
name = "importlib-resources"
version = "6.4.0"
description = "Read resources from Python packages"
category = "main"
optional = false
python-versions = ">=3.8"
files = [
    {file = "importlib_resources-6.4.0-py3-none-any.whl", hash = "sha256:50d10f043df931902d4194ea07ec57960f66a80449ff867bfe782b4c486ba78c"},
    {file = "importlib_resources-6.4.0.tar.gz", hash = "sha256:cdb2b453b8046ca4e3798eb1d84f3cce1446a0e8e7b5ef4efb600f19fc398145"},
]

[package.extras]
docs = ["furo", "jaraco.packaging (>=9.3)", "jaraco.tidelift (>=1.4)", "rst.linker (>=1.9)", "sphinx (<7.2.5)", "sphinx (>=3.5)", "sphinx-lint"]
testing = ["jaraco.test (>=5.4)", "pytest (>=6)", "pytest-checkdocs (>=2.4)", "pytest-cov", "pytest-enabler (>=2.2)", "pytest-mypy", "pytest-ruff (>=0.2.1)", "zipp (>=3.17)"]

[[package]]
name = "jax"
version = "0.4.25"
description = "Differentiate, compile, and transform Numpy code."
category = "main"
optional = false
python-versions = ">=3.9"
files = [
    {file = "jax-0.4.25-py3-none-any.whl", hash = "sha256:8158c837e5ecc195074b421609e85329a962785b36f9fe5ff53e844e8ad87dbc"},
    {file = "jax-0.4.25.tar.gz", hash = "sha256:a8ee189c782de2b7b2ffb64a8916da380b882a617e2769aa429b71d79747b982"},
]

[package.dependencies]
ml-dtypes = ">=0.2.0"
numpy = {version = ">=1.23.2", markers = "python_version >= \"3.11\""}
opt-einsum = "*"
scipy = ">=1.9"

[package.extras]
australis = ["protobuf (>=3.13,<4)"]
ci = ["jaxlib (==0.4.24)"]
cpu = ["jaxlib (==0.4.25)"]
cuda = ["jaxlib (==0.4.25+cuda11.cudnn86)"]
cuda11-cudnn86 = ["jaxlib (==0.4.25+cuda11.cudnn86)"]
cuda11-local = ["jaxlib (==0.4.25+cuda11.cudnn86)"]
cuda11-pip = ["jaxlib (==0.4.25+cuda11.cudnn86)", "nvidia-cublas-cu11 (>=11.11)", "nvidia-cuda-cupti-cu11 (>=11.8)", "nvidia-cuda-nvcc-cu11 (>=11.8)", "nvidia-cuda-runtime-cu11 (>=11.8)", "nvidia-cudnn-cu11 (>=8.8)", "nvidia-cufft-cu11 (>=10.9)", "nvidia-cusolver-cu11 (>=11.4)", "nvidia-cusparse-cu11 (>=11.7)", "nvidia-nccl-cu11 (>=2.18.3)"]
cuda12 = ["jax-cuda12-plugin (==0.4.25)", "jaxlib (==0.4.25)", "nvidia-cublas-cu12 (>=12.3.4.1)", "nvidia-cuda-cupti-cu12 (>=12.3.101)", "nvidia-cuda-nvcc-cu12 (>=12.3.107)", "nvidia-cuda-runtime-cu12 (>=12.3.101)", "nvidia-cudnn-cu12 (>=8.9.7.29)", "nvidia-cufft-cu12 (>=11.0.12.1)", "nvidia-cusolver-cu12 (>=11.5.4.101)", "nvidia-cusparse-cu12 (>=12.2.0.103)", "nvidia-nccl-cu12 (>=2.19.3)", "nvidia-nvjitlink-cu12 (>=12.3.101)"]
cuda12-local = ["jaxlib (==0.4.25+cuda12.cudnn89)"]
cuda12-pip = ["jaxlib (==0.4.25+cuda12.cudnn89)", "nvidia-cublas-cu12 (>=12.3.4.1)", "nvidia-cuda-cupti-cu12 (>=12.3.101)", "nvidia-cuda-nvcc-cu12 (>=12.3.107)", "nvidia-cuda-runtime-cu12 (>=12.3.101)", "nvidia-cudnn-cu12 (>=8.9.7.29)", "nvidia-cufft-cu12 (>=11.0.12.1)", "nvidia-cusolver-cu12 (>=11.5.4.101)", "nvidia-cusparse-cu12 (>=12.2.0.103)", "nvidia-nccl-cu12 (>=2.19.3)", "nvidia-nvjitlink-cu12 (>=12.3.101)"]
minimum-jaxlib = ["jaxlib (==0.4.20)"]
tpu = ["jaxlib (==0.4.25)", "libtpu-nightly (==0.1.dev20240224)", "requests"]

[[package]]
name = "jaxlib"
version = "0.4.25"
description = "XLA library for JAX"
category = "main"
optional = false
python-versions = ">=3.9"
files = [
    {file = "jaxlib-0.4.25-cp310-cp310-macosx_10_14_x86_64.whl", hash = "sha256:be1b26e96e80d42f54f77226a016717cb969d7d208d0dcb61997f19dc7b2d8e2"},
    {file = "jaxlib-0.4.25-cp310-cp310-macosx_11_0_arm64.whl", hash = "sha256:3b5cbd3a4f731636469cdaf06c4413208811ca458ee312647e8f3faca32f6445"},
    {file = "jaxlib-0.4.25-cp310-cp310-manylinux2014_aarch64.whl", hash = "sha256:89a011330aaeaf19027bba5e3236be155cc8d73d94aa9db84d817d414f4a7647"},
    {file = "jaxlib-0.4.25-cp310-cp310-manylinux2014_x86_64.whl", hash = "sha256:dcda74c7c8eb328cde8afeebcf21ec9240138fac54f9631a60b679a211f7e100"},
    {file = "jaxlib-0.4.25-cp310-cp310-win_amd64.whl", hash = "sha256:fd751b10e60c085dec42bec6c27c9905f5c57d12323190eea0df10ee14c574e0"},
    {file = "jaxlib-0.4.25-cp311-cp311-macosx_10_14_x86_64.whl", hash = "sha256:37da780cb545ca210bfa0402b5081452ad830bb06fe9e970fd16ad14d2fdc6a6"},
    {file = "jaxlib-0.4.25-cp311-cp311-macosx_11_0_arm64.whl", hash = "sha256:0df7e2193b216e195dfc7a8aa14527eb52614ec3ba4c59a199af2f17195ae1c1"},
    {file = "jaxlib-0.4.25-cp311-cp311-manylinux2014_aarch64.whl", hash = "sha256:0ce2a25263e7504d575e8ba5ba4f53aef6fe274679785bcf87ab06b0aaec0b90"},
    {file = "jaxlib-0.4.25-cp311-cp311-manylinux2014_x86_64.whl", hash = "sha256:a0dd09cbb62583941872b6a198894e87a1b64d8e4dd6b53946dbb41d642b8f5f"},
    {file = "jaxlib-0.4.25-cp311-cp311-win_amd64.whl", hash = "sha256:dfb1ef8c2e6a01ecb60f8833552ff077cd593154fd75739050fba9148879a2a4"},
    {file = "jaxlib-0.4.25-cp312-cp312-macosx_10_14_x86_64.whl", hash = "sha256:425d6f3fa57ea1d1674ae84b5a3d3588ba0937f3c47fd4f166eb84c4240887b8"},
    {file = "jaxlib-0.4.25-cp312-cp312-macosx_11_0_arm64.whl", hash = "sha256:0e97542bbd89f4316d2feb599119d8a43440ca151b7a165eff0fc127cf4512e7"},
    {file = "jaxlib-0.4.25-cp312-cp312-manylinux2014_aarch64.whl", hash = "sha256:c4e3bc32aea275e025e762612216954626478c9cf5c44131e248cdd17e361efd"},
    {file = "jaxlib-0.4.25-cp312-cp312-manylinux2014_x86_64.whl", hash = "sha256:dcfb71a7f559c13734584769ca30373bc4b73d0fe105790462370e49f35dcbe4"},
    {file = "jaxlib-0.4.25-cp312-cp312-win_amd64.whl", hash = "sha256:f7aa9682b6806e4197ad51294e87e77f04f5eee7ced4e841aa7ccc7320c6d96b"},
    {file = "jaxlib-0.4.25-cp39-cp39-macosx_10_14_x86_64.whl", hash = "sha256:6660b68741286bd4b849c149d86a8c36e448f7e39e1d483e79dab79ea300bf1b"},
    {file = "jaxlib-0.4.25-cp39-cp39-macosx_11_0_arm64.whl", hash = "sha256:32881f93d5de195a0fd19e091a2aa89418fa27f630d30c79b4613a51cff4d1c6"},
    {file = "jaxlib-0.4.25-cp39-cp39-manylinux2014_aarch64.whl", hash = "sha256:ad1ab653265c33b8d54bdcc40867a8ffd61fea879176e4d4cd0b585fe52521fc"},
    {file = "jaxlib-0.4.25-cp39-cp39-manylinux2014_x86_64.whl", hash = "sha256:0fd113ab414de856f90f07264e6ccd0cb95d392f3579c0deab4ff0943ef75f73"},
    {file = "jaxlib-0.4.25-cp39-cp39-win_amd64.whl", hash = "sha256:b11aef2bd6cf873b39399fda122170b625776d977bbc56b4635f46c396279b8b"},
]

[package.dependencies]
ml-dtypes = ">=0.2.0"
numpy = ">=1.22"
scipy = ">=1.9"

[package.extras]
cuda11-pip = ["nvidia-cublas-cu11 (>=11.11)", "nvidia-cuda-cupti-cu11 (>=11.8)", "nvidia-cuda-nvcc-cu11 (>=11.8)", "nvidia-cuda-runtime-cu11 (>=11.8)", "nvidia-cudnn-cu11 (>=8.8)", "nvidia-cufft-cu11 (>=10.9)", "nvidia-cusolver-cu11 (>=11.4)", "nvidia-cusparse-cu11 (>=11.7)"]
cuda12-pip = ["nvidia-cublas-cu12", "nvidia-cuda-cupti-cu12", "nvidia-cuda-nvcc-cu12", "nvidia-cuda-runtime-cu12", "nvidia-cudnn-cu12 (>=8.9)", "nvidia-cufft-cu12", "nvidia-cusolver-cu12", "nvidia-cusparse-cu12"]

[[package]]
name = "ml-dtypes"
version = "0.3.2"
description = ""
category = "main"
optional = false
python-versions = ">=3.9"
files = [
    {file = "ml_dtypes-0.3.2-cp310-cp310-macosx_10_9_universal2.whl", hash = "sha256:7afde548890a92b41c0fed3a6c525f1200a5727205f73dc21181a2726571bb53"},
    {file = "ml_dtypes-0.3.2-cp310-cp310-manylinux_2_17_aarch64.manylinux2014_aarch64.whl", hash = "sha256:d1a746fe5fb9cd974a91070174258f0be129c592b93f9ce7df6cc336416c3fbd"},
    {file = "ml_dtypes-0.3.2-cp310-cp310-manylinux_2_17_x86_64.manylinux2014_x86_64.whl", hash = "sha256:961134ea44c7b8ca63eda902a44b58cd8bd670e21d62e255c81fba0a8e70d9b7"},
    {file = "ml_dtypes-0.3.2-cp310-cp310-win_amd64.whl", hash = "sha256:6b35c4e8ca957c877ac35c79ffa77724ecc3702a1e4b18b08306c03feae597bb"},
    {file = "ml_dtypes-0.3.2-cp311-cp311-macosx_10_9_universal2.whl", hash = "sha256:763697ab8a88d47443997a7cdf3aac7340049aed45f7521f6b0ec8a0594821fe"},
    {file = "ml_dtypes-0.3.2-cp311-cp311-manylinux_2_17_aarch64.manylinux2014_aarch64.whl", hash = "sha256:b89b194e9501a92d289c1ffd411380baf5daafb9818109a4f49b0a1b6dce4462"},
    {file = "ml_dtypes-0.3.2-cp311-cp311-manylinux_2_17_x86_64.manylinux2014_x86_64.whl", hash = "sha256:2c34f2ba9660b21fe1034b608308a01be82bbef2a92fb8199f24dc6bad0d5226"},
    {file = "ml_dtypes-0.3.2-cp311-cp311-win_amd64.whl", hash = "sha256:6604877d567a29bfe7cc02969ae0f2425260e5335505cf5e7fefc3e5465f5655"},
    {file = "ml_dtypes-0.3.2-cp312-cp312-macosx_10_9_universal2.whl", hash = "sha256:93b78f53431c93953f7850bb1b925a17f0ab5d97527e38a7e865b5b4bc5cfc18"},
    {file = "ml_dtypes-0.3.2-cp312-cp312-manylinux_2_17_aarch64.manylinux2014_aarch64.whl", hash = "sha256:3a17ef2322e60858d93584e9c52a5be7dd6236b056b7fa1ec57f1bb6ba043e33"},
    {file = "ml_dtypes-0.3.2-cp312-cp312-manylinux_2_17_x86_64.manylinux2014_x86_64.whl", hash = "sha256:e8505946df1665db01332d885c2020b4cb9e84a8b1241eb4ba69d59591f65855"},
    {file = "ml_dtypes-0.3.2-cp312-cp312-win_amd64.whl", hash = "sha256:f47619d978ab1ae7dfdc4052ea97c636c6263e1f19bd1be0e42c346b98d15ff4"},
    {file = "ml_dtypes-0.3.2-cp39-cp39-macosx_10_9_universal2.whl", hash = "sha256:c7b3fb3d4f6b39bcd4f6c4b98f406291f0d681a895490ee29a0f95bab850d53c"},
    {file = "ml_dtypes-0.3.2-cp39-cp39-manylinux_2_17_aarch64.manylinux2014_aarch64.whl", hash = "sha256:7a4c3fcbf86fa52d0204f07cfd23947ef05b4ad743a1a988e163caa34a201e5e"},
    {file = "ml_dtypes-0.3.2-cp39-cp39-manylinux_2_17_x86_64.manylinux2014_x86_64.whl", hash = "sha256:91f8783fd1f2c23fd3b9ee5ad66b785dafa58ba3cdb050c4458021fa4d1eb226"},
    {file = "ml_dtypes-0.3.2-cp39-cp39-win_amd64.whl", hash = "sha256:7ba8e1fafc7fff3e643f453bffa7d082df1678a73286ce8187d3e825e776eb94"},
    {file = "ml_dtypes-0.3.2.tar.gz", hash = "sha256:533059bc5f1764fac071ef54598db358c167c51a718f68f5bb55e3dee79d2967"},
]

[package.dependencies]
numpy = [
    {version = ">=1.21.2", markers = "python_version >= \"3.10\""},
    {version = ">=1.23.3", markers = "python_version >= \"3.11\""},
]

[package.extras]
dev = ["absl-py", "pyink", "pylint (>=2.6.0)", "pytest", "pytest-xdist"]

[[package]]
name = "mujoco"
version = "3.1.3"
description = "MuJoCo Physics Simulator"
category = "main"
optional = false
python-versions = ">=3.8"
files = [
    {file = "mujoco-3.1.3-cp310-cp310-macosx_10_16_x86_64.whl", hash = "sha256:1a07e33443ca88c77128336e550502c58721e37b3830af29f0118311c17d826e"},
    {file = "mujoco-3.1.3-cp310-cp310-macosx_11_0_arm64.whl", hash = "sha256:da442c45fa08cf7f307a6f2484ff382b90714b9f52aaceffd5fcb8536dbdc11c"},
    {file = "mujoco-3.1.3-cp310-cp310-manylinux_2_17_aarch64.manylinux2014_aarch64.whl", hash = "sha256:ec08dbfddef6e4c6d7b03685b929ed134e8eb9d0dbc788752ff54216b7b3544e"},
    {file = "mujoco-3.1.3-cp310-cp310-manylinux_2_17_x86_64.manylinux2014_x86_64.whl", hash = "sha256:f1578279ff581ed1c70893cc16ecf48a048a14568e9e64b446a2d32c22b1154c"},
    {file = "mujoco-3.1.3-cp310-cp310-win_amd64.whl", hash = "sha256:9a359e7787e1d0bbdb9fafeb31df61261a4cdc42d0a5d77c91fbe57c63e4c6fd"},
    {file = "mujoco-3.1.3-cp311-cp311-macosx_10_16_x86_64.whl", hash = "sha256:b070805d65ee6b708ddf1a16a16fc2073ce2d1eea8ea26352b8aee4071de274c"},
    {file = "mujoco-3.1.3-cp311-cp311-macosx_11_0_arm64.whl", hash = "sha256:d789a95150cf1bef21e3a3431c26263730b0437ec3b4794b2eed0f900185746e"},
    {file = "mujoco-3.1.3-cp311-cp311-manylinux_2_17_aarch64.manylinux2014_aarch64.whl", hash = "sha256:6661aa27c81be338ce0973ba6e83f655ff3cc023ea9d62398f130b46478f708a"},
    {file = "mujoco-3.1.3-cp311-cp311-manylinux_2_17_x86_64.manylinux2014_x86_64.whl", hash = "sha256:f79dc6134c90a7274d2663c07bea6d45629ea52ce40bf6722c5d506df909b4b9"},
    {file = "mujoco-3.1.3-cp311-cp311-win_amd64.whl", hash = "sha256:b1df674d9486e1bd2e93fb69009d8db4adcf4b3b7edc92da5c98d1c6a2ea7a28"},
    {file = "mujoco-3.1.3-cp312-cp312-macosx_10_16_x86_64.whl", hash = "sha256:51841750310a1c4b5e7c7f19d28fe5e3deea0e2c7cc60ebab33c2f07360b1700"},
    {file = "mujoco-3.1.3-cp312-cp312-macosx_11_0_arm64.whl", hash = "sha256:fe4318af5b14ea39bc5b8892c69797a1a9deb02199178814be16abb5611308fb"},
    {file = "mujoco-3.1.3-cp312-cp312-manylinux_2_17_aarch64.manylinux2014_aarch64.whl", hash = "sha256:079f293a56c2b3aa6b4101c3822ee5587b5cc9bf35028afdd1f2128db102ad20"},
    {file = "mujoco-3.1.3-cp312-cp312-manylinux_2_17_x86_64.manylinux2014_x86_64.whl", hash = "sha256:d4c120414bf89a11538e3f5eb1de6bcd6c4aeade9775ecad3e4eea27d88e1492"},
    {file = "mujoco-3.1.3-cp312-cp312-win_amd64.whl", hash = "sha256:7fc9d69383dc0f7c4b775b2be829a065fb78dca743a25f9d864d52174c916b2b"},
    {file = "mujoco-3.1.3-cp38-cp38-macosx_10_16_x86_64.whl", hash = "sha256:5a29004079a40d23836228647bae9ea41f77fd7e407e8ad642dc72054e5a099e"},
    {file = "mujoco-3.1.3-cp38-cp38-macosx_11_0_arm64.whl", hash = "sha256:c1d1e083d8825faf9e2609d4e749cc5629ed7735374ed68eb3dde63dd0e4fe73"},
    {file = "mujoco-3.1.3-cp38-cp38-manylinux_2_17_aarch64.manylinux2014_aarch64.whl", hash = "sha256:9cc267cf0de8de3c8b317f7c12b2d7a484a7f462263f8ce4c8ae18e9d6817897"},
    {file = "mujoco-3.1.3-cp38-cp38-manylinux_2_17_x86_64.manylinux2014_x86_64.whl", hash = "sha256:d67a2aae8d5d58f7ac41d0bcffcd745955415887843bc34da8e3d794b46afbae"},
    {file = "mujoco-3.1.3-cp38-cp38-win_amd64.whl", hash = "sha256:8ddb9a07d5ad59c67f2d7e79568cba27ad68cf2284a68370f2054dce2e6e4128"},
    {file = "mujoco-3.1.3-cp39-cp39-macosx_10_16_x86_64.whl", hash = "sha256:acdc761e8fa7d4bfb9f262b8886dbb3dd41a957c3ef7ec126aae3342f68b1293"},
    {file = "mujoco-3.1.3-cp39-cp39-macosx_11_0_arm64.whl", hash = "sha256:49bad0da02ebf67ab37a6f6fe435dfc6339f0b46b51b452ee79aaffa5b73659b"},
    {file = "mujoco-3.1.3-cp39-cp39-manylinux_2_17_aarch64.manylinux2014_aarch64.whl", hash = "sha256:daa6a3ca50a3769ebfd59274651d2edc76b177cd950560022120fb77cd51f607"},
    {file = "mujoco-3.1.3-cp39-cp39-manylinux_2_17_x86_64.manylinux2014_x86_64.whl", hash = "sha256:80f3e99d1f2bb02bf7903ba4fef9c31e05fba439b7292ed751390ec78e1eb890"},
    {file = "mujoco-3.1.3-cp39-cp39-win_amd64.whl", hash = "sha256:2d2fe38b1a7f64e708e8b9a96cf7677027b33fb6e059184163976c6c03fef4cc"},
    {file = "mujoco-3.1.3.tar.gz", hash = "sha256:f700d074031060b46111ddb60432d00425f821eeeaf0ccc76ed95d47861bd4de"},
]

[package.dependencies]
absl-py = "*"
etils = {version = "*", extras = ["epath"]}
glfw = "*"
numpy = "*"
pyopengl = "*"

[[package]]
name = "mujoco-mjx"
version = "3.1.3"
description = "MuJoCo XLA (MJX)"
category = "main"
optional = false
python-versions = ">=3.8"
files = [
    {file = "mujoco-mjx-3.1.3.tar.gz", hash = "sha256:acab9a9c4a94d0c12d7016e2166aefb5316a01850e706978802e230da1c707a8"},
    {file = "mujoco_mjx-3.1.3-py3-none-any.whl", hash = "sha256:c3a6879ccdb796e6194905b96556193eea8f0e769731d22980edb1b94224b98b"},
]

[package.dependencies]
absl-py = "*"
etils = {version = "*", extras = ["epath"]}
jax = "*"
jaxlib = "*"
mujoco = ">=3.1.3.dev0"
scipy = "*"
trimesh = "*"

[[package]]
name = "mypy-extensions"
version = "1.0.0"
description = "Type system extensions for programs checked with the mypy type checker."
category = "dev"
optional = false
python-versions = ">=3.5"
files = [
    {file = "mypy_extensions-1.0.0-py3-none-any.whl", hash = "sha256:4392f6c0eb8a5668a69e23d168ffa70f0be9ccfd32b5cc2d26a34ae5b844552d"},
    {file = "mypy_extensions-1.0.0.tar.gz", hash = "sha256:75dbf8955dc00442a438fc4d0666508a9a97b6bd41aa2f0ffe9d2f2725af0782"},
]

[[package]]
name = "numpy"
version = "1.26.4"
description = "Fundamental package for array computing in Python"
category = "main"
optional = false
python-versions = ">=3.9"
files = [
    {file = "numpy-1.26.4-cp310-cp310-macosx_10_9_x86_64.whl", hash = "sha256:9ff0f4f29c51e2803569d7a51c2304de5554655a60c5d776e35b4a41413830d0"},
    {file = "numpy-1.26.4-cp310-cp310-macosx_11_0_arm64.whl", hash = "sha256:2e4ee3380d6de9c9ec04745830fd9e2eccb3e6cf790d39d7b98ffd19b0dd754a"},
    {file = "numpy-1.26.4-cp310-cp310-manylinux_2_17_aarch64.manylinux2014_aarch64.whl", hash = "sha256:d209d8969599b27ad20994c8e41936ee0964e6da07478d6c35016bc386b66ad4"},
    {file = "numpy-1.26.4-cp310-cp310-manylinux_2_17_x86_64.manylinux2014_x86_64.whl", hash = "sha256:ffa75af20b44f8dba823498024771d5ac50620e6915abac414251bd971b4529f"},
    {file = "numpy-1.26.4-cp310-cp310-musllinux_1_1_aarch64.whl", hash = "sha256:62b8e4b1e28009ef2846b4c7852046736bab361f7aeadeb6a5b89ebec3c7055a"},
    {file = "numpy-1.26.4-cp310-cp310-musllinux_1_1_x86_64.whl", hash = "sha256:a4abb4f9001ad2858e7ac189089c42178fcce737e4169dc61321660f1a96c7d2"},
    {file = "numpy-1.26.4-cp310-cp310-win32.whl", hash = "sha256:bfe25acf8b437eb2a8b2d49d443800a5f18508cd811fea3181723922a8a82b07"},
    {file = "numpy-1.26.4-cp310-cp310-win_amd64.whl", hash = "sha256:b97fe8060236edf3662adfc2c633f56a08ae30560c56310562cb4f95500022d5"},
    {file = "numpy-1.26.4-cp311-cp311-macosx_10_9_x86_64.whl", hash = "sha256:4c66707fabe114439db9068ee468c26bbdf909cac0fb58686a42a24de1760c71"},
    {file = "numpy-1.26.4-cp311-cp311-macosx_11_0_arm64.whl", hash = "sha256:edd8b5fe47dab091176d21bb6de568acdd906d1887a4584a15a9a96a1dca06ef"},
    {file = "numpy-1.26.4-cp311-cp311-manylinux_2_17_aarch64.manylinux2014_aarch64.whl", hash = "sha256:7ab55401287bfec946ced39700c053796e7cc0e3acbef09993a9ad2adba6ca6e"},
    {file = "numpy-1.26.4-cp311-cp311-manylinux_2_17_x86_64.manylinux2014_x86_64.whl", hash = "sha256:666dbfb6ec68962c033a450943ded891bed2d54e6755e35e5835d63f4f6931d5"},
    {file = "numpy-1.26.4-cp311-cp311-musllinux_1_1_aarch64.whl", hash = "sha256:96ff0b2ad353d8f990b63294c8986f1ec3cb19d749234014f4e7eb0112ceba5a"},
    {file = "numpy-1.26.4-cp311-cp311-musllinux_1_1_x86_64.whl", hash = "sha256:60dedbb91afcbfdc9bc0b1f3f402804070deed7392c23eb7a7f07fa857868e8a"},
    {file = "numpy-1.26.4-cp311-cp311-win32.whl", hash = "sha256:1af303d6b2210eb850fcf03064d364652b7120803a0b872f5211f5234b399f20"},
    {file = "numpy-1.26.4-cp311-cp311-win_amd64.whl", hash = "sha256:cd25bcecc4974d09257ffcd1f098ee778f7834c3ad767fe5db785be9a4aa9cb2"},
    {file = "numpy-1.26.4-cp312-cp312-macosx_10_9_x86_64.whl", hash = "sha256:b3ce300f3644fb06443ee2222c2201dd3a89ea6040541412b8fa189341847218"},
    {file = "numpy-1.26.4-cp312-cp312-macosx_11_0_arm64.whl", hash = "sha256:03a8c78d01d9781b28a6989f6fa1bb2c4f2d51201cf99d3dd875df6fbd96b23b"},
    {file = "numpy-1.26.4-cp312-cp312-manylinux_2_17_aarch64.manylinux2014_aarch64.whl", hash = "sha256:9fad7dcb1aac3c7f0584a5a8133e3a43eeb2fe127f47e3632d43d677c66c102b"},
    {file = "numpy-1.26.4-cp312-cp312-manylinux_2_17_x86_64.manylinux2014_x86_64.whl", hash = "sha256:675d61ffbfa78604709862923189bad94014bef562cc35cf61d3a07bba02a7ed"},
    {file = "numpy-1.26.4-cp312-cp312-musllinux_1_1_aarch64.whl", hash = "sha256:ab47dbe5cc8210f55aa58e4805fe224dac469cde56b9f731a4c098b91917159a"},
    {file = "numpy-1.26.4-cp312-cp312-musllinux_1_1_x86_64.whl", hash = "sha256:1dda2e7b4ec9dd512f84935c5f126c8bd8b9f2fc001e9f54af255e8c5f16b0e0"},
    {file = "numpy-1.26.4-cp312-cp312-win32.whl", hash = "sha256:50193e430acfc1346175fcbdaa28ffec49947a06918b7b92130744e81e640110"},
    {file = "numpy-1.26.4-cp312-cp312-win_amd64.whl", hash = "sha256:08beddf13648eb95f8d867350f6a018a4be2e5ad54c8d8caed89ebca558b2818"},
    {file = "numpy-1.26.4-cp39-cp39-macosx_10_9_x86_64.whl", hash = "sha256:7349ab0fa0c429c82442a27a9673fc802ffdb7c7775fad780226cb234965e53c"},
    {file = "numpy-1.26.4-cp39-cp39-macosx_11_0_arm64.whl", hash = "sha256:52b8b60467cd7dd1e9ed082188b4e6bb35aa5cdd01777621a1658910745b90be"},
    {file = "numpy-1.26.4-cp39-cp39-manylinux_2_17_aarch64.manylinux2014_aarch64.whl", hash = "sha256:d5241e0a80d808d70546c697135da2c613f30e28251ff8307eb72ba696945764"},
    {file = "numpy-1.26.4-cp39-cp39-manylinux_2_17_x86_64.manylinux2014_x86_64.whl", hash = "sha256:f870204a840a60da0b12273ef34f7051e98c3b5961b61b0c2c1be6dfd64fbcd3"},
    {file = "numpy-1.26.4-cp39-cp39-musllinux_1_1_aarch64.whl", hash = "sha256:679b0076f67ecc0138fd2ede3a8fd196dddc2ad3254069bcb9faf9a79b1cebcd"},
    {file = "numpy-1.26.4-cp39-cp39-musllinux_1_1_x86_64.whl", hash = "sha256:47711010ad8555514b434df65f7d7b076bb8261df1ca9bb78f53d3b2db02e95c"},
    {file = "numpy-1.26.4-cp39-cp39-win32.whl", hash = "sha256:a354325ee03388678242a4d7ebcd08b5c727033fcff3b2f536aea978e15ee9e6"},
    {file = "numpy-1.26.4-cp39-cp39-win_amd64.whl", hash = "sha256:3373d5d70a5fe74a2c1bb6d2cfd9609ecf686d47a2d7b1d37a8f3b6bf6003aea"},
    {file = "numpy-1.26.4-pp39-pypy39_pp73-macosx_10_9_x86_64.whl", hash = "sha256:afedb719a9dcfc7eaf2287b839d8198e06dcd4cb5d276a3df279231138e83d30"},
    {file = "numpy-1.26.4-pp39-pypy39_pp73-manylinux_2_17_x86_64.manylinux2014_x86_64.whl", hash = "sha256:95a7476c59002f2f6c590b9b7b998306fba6a5aa646b1e22ddfeaf8f78c3a29c"},
    {file = "numpy-1.26.4-pp39-pypy39_pp73-win_amd64.whl", hash = "sha256:7e50d0a0cc3189f9cb0aeb3a6a6af18c16f59f004b866cd2be1c14b36134a4a0"},
    {file = "numpy-1.26.4.tar.gz", hash = "sha256:2a02aba9ed12e4ac4eb3ea9421c420301a0c6460d9830d74a9df87efa4912010"},
]

[[package]]
name = "opt-einsum"
version = "3.3.0"
description = "Optimizing numpys einsum function"
category = "main"
optional = false
python-versions = ">=3.5"
files = [
    {file = "opt_einsum-3.3.0-py3-none-any.whl", hash = "sha256:2455e59e3947d3c275477df7f5205b30635e266fe6dc300e3d9f9646bfcea147"},
    {file = "opt_einsum-3.3.0.tar.gz", hash = "sha256:59f6475f77bbc37dcf7cd748519c0ec60722e91e63ca114e68821c0c54a46549"},
]

[package.dependencies]
numpy = ">=1.7"

[package.extras]
docs = ["numpydoc", "sphinx (==1.2.3)", "sphinx-rtd-theme", "sphinxcontrib-napoleon"]
tests = ["pytest", "pytest-cov", "pytest-pep8"]

[[package]]
name = "packaging"
version = "24.0"
description = "Core utilities for Python packages"
category = "dev"
optional = false
python-versions = ">=3.7"
files = [
    {file = "packaging-24.0-py3-none-any.whl", hash = "sha256:2ddfb553fdf02fb784c234c7ba6ccc288296ceabec964ad2eae3777778130bc5"},
    {file = "packaging-24.0.tar.gz", hash = "sha256:eb82c5e3e56209074766e6885bb04b8c38a0c015d0a30036ebe7ece34c9989e9"},
]

[[package]]
name = "pathspec"
version = "0.12.1"
description = "Utility library for gitignore style pattern matching of file paths."
category = "dev"
optional = false
python-versions = ">=3.8"
files = [
    {file = "pathspec-0.12.1-py3-none-any.whl", hash = "sha256:a0d503e138a4c123b27490a4f7beda6a01c6f288df0e4a8b79c7eb0dc7b4cc08"},
    {file = "pathspec-0.12.1.tar.gz", hash = "sha256:a482d51503a1ab33b1c67a6c3813a26953dbdc71c31dacaef9a838c4e29f5712"},
]

[[package]]
name = "platformdirs"
version = "4.2.0"
description = "A small Python package for determining appropriate platform-specific dirs, e.g. a \"user data dir\"."
category = "dev"
optional = false
python-versions = ">=3.8"
files = [
    {file = "platformdirs-4.2.0-py3-none-any.whl", hash = "sha256:0614df2a2f37e1a662acbd8e2b25b92ccf8632929bc6d43467e17fe89c75e068"},
    {file = "platformdirs-4.2.0.tar.gz", hash = "sha256:ef0cc731df711022c174543cb70a9b5bd22e5a9337c8624ef2c2ceb8ddad8768"},
]

[package.extras]
docs = ["furo (>=2023.9.10)", "proselint (>=0.13)", "sphinx (>=7.2.6)", "sphinx-autodoc-typehints (>=1.25.2)"]
test = ["appdirs (==1.4.4)", "covdefaults (>=2.3)", "pytest (>=7.4.3)", "pytest-cov (>=4.1)", "pytest-mock (>=3.12)"]

[[package]]
name = "pyopengl"
version = "3.1.7"
description = "Standard OpenGL bindings for Python"
category = "main"
optional = false
python-versions = "*"
files = [
    {file = "PyOpenGL-3.1.7-py3-none-any.whl", hash = "sha256:a6ab19cf290df6101aaf7470843a9c46207789855746399d0af92521a0a92b7a"},
    {file = "PyOpenGL-3.1.7.tar.gz", hash = "sha256:eef31a3888e6984fd4d8e6c9961b184c9813ca82604d37fe3da80eb000a76c86"},
]

[[package]]
name = "scipy"
version = "1.12.0"
description = "Fundamental algorithms for scientific computing in Python"
category = "main"
optional = false
python-versions = ">=3.9"
files = [
    {file = "scipy-1.12.0-cp310-cp310-macosx_10_9_x86_64.whl", hash = "sha256:78e4402e140879387187f7f25d91cc592b3501a2e51dfb320f48dfb73565f10b"},
    {file = "scipy-1.12.0-cp310-cp310-macosx_12_0_arm64.whl", hash = "sha256:f5f00ebaf8de24d14b8449981a2842d404152774c1a1d880c901bf454cb8e2a1"},
    {file = "scipy-1.12.0-cp310-cp310-manylinux_2_17_aarch64.manylinux2014_aarch64.whl", hash = "sha256:e53958531a7c695ff66c2e7bb7b79560ffdc562e2051644c5576c39ff8efb563"},
    {file = "scipy-1.12.0-cp310-cp310-manylinux_2_17_x86_64.manylinux2014_x86_64.whl", hash = "sha256:5e32847e08da8d895ce09d108a494d9eb78974cf6de23063f93306a3e419960c"},
    {file = "scipy-1.12.0-cp310-cp310-musllinux_1_1_x86_64.whl", hash = "sha256:4c1020cad92772bf44b8e4cdabc1df5d87376cb219742549ef69fc9fd86282dd"},
    {file = "scipy-1.12.0-cp310-cp310-win_amd64.whl", hash = "sha256:75ea2a144096b5e39402e2ff53a36fecfd3b960d786b7efd3c180e29c39e53f2"},
    {file = "scipy-1.12.0-cp311-cp311-macosx_10_9_x86_64.whl", hash = "sha256:408c68423f9de16cb9e602528be4ce0d6312b05001f3de61fe9ec8b1263cad08"},
    {file = "scipy-1.12.0-cp311-cp311-macosx_12_0_arm64.whl", hash = "sha256:5adfad5dbf0163397beb4aca679187d24aec085343755fcdbdeb32b3679f254c"},
    {file = "scipy-1.12.0-cp311-cp311-manylinux_2_17_aarch64.manylinux2014_aarch64.whl", hash = "sha256:c3003652496f6e7c387b1cf63f4bb720951cfa18907e998ea551e6de51a04467"},
    {file = "scipy-1.12.0-cp311-cp311-manylinux_2_17_x86_64.manylinux2014_x86_64.whl", hash = "sha256:8b8066bce124ee5531d12a74b617d9ac0ea59245246410e19bca549656d9a40a"},
    {file = "scipy-1.12.0-cp311-cp311-musllinux_1_1_x86_64.whl", hash = "sha256:8bee4993817e204d761dba10dbab0774ba5a8612e57e81319ea04d84945375ba"},
    {file = "scipy-1.12.0-cp311-cp311-win_amd64.whl", hash = "sha256:a24024d45ce9a675c1fb8494e8e5244efea1c7a09c60beb1eeb80373d0fecc70"},
    {file = "scipy-1.12.0-cp312-cp312-macosx_10_9_x86_64.whl", hash = "sha256:e7e76cc48638228212c747ada851ef355c2bb5e7f939e10952bc504c11f4e372"},
    {file = "scipy-1.12.0-cp312-cp312-macosx_12_0_arm64.whl", hash = "sha256:f7ce148dffcd64ade37b2df9315541f9adad6efcaa86866ee7dd5db0c8f041c3"},
    {file = "scipy-1.12.0-cp312-cp312-manylinux_2_17_aarch64.manylinux2014_aarch64.whl", hash = "sha256:9c39f92041f490422924dfdb782527a4abddf4707616e07b021de33467f917bc"},
    {file = "scipy-1.12.0-cp312-cp312-manylinux_2_17_x86_64.manylinux2014_x86_64.whl", hash = "sha256:a7ebda398f86e56178c2fa94cad15bf457a218a54a35c2a7b4490b9f9cb2676c"},
    {file = "scipy-1.12.0-cp312-cp312-musllinux_1_1_x86_64.whl", hash = "sha256:95e5c750d55cf518c398a8240571b0e0782c2d5a703250872f36eaf737751338"},
    {file = "scipy-1.12.0-cp312-cp312-win_amd64.whl", hash = "sha256:e646d8571804a304e1da01040d21577685ce8e2db08ac58e543eaca063453e1c"},
    {file = "scipy-1.12.0-cp39-cp39-macosx_10_9_x86_64.whl", hash = "sha256:913d6e7956c3a671de3b05ccb66b11bc293f56bfdef040583a7221d9e22a2e35"},
    {file = "scipy-1.12.0-cp39-cp39-macosx_12_0_arm64.whl", hash = "sha256:bba1b0c7256ad75401c73e4b3cf09d1f176e9bd4248f0d3112170fb2ec4db067"},
    {file = "scipy-1.12.0-cp39-cp39-manylinux_2_17_aarch64.manylinux2014_aarch64.whl", hash = "sha256:730badef9b827b368f351eacae2e82da414e13cf8bd5051b4bdfd720271a5371"},
    {file = "scipy-1.12.0-cp39-cp39-manylinux_2_17_x86_64.manylinux2014_x86_64.whl", hash = "sha256:6546dc2c11a9df6926afcbdd8a3edec28566e4e785b915e849348c6dd9f3f490"},
    {file = "scipy-1.12.0-cp39-cp39-musllinux_1_1_x86_64.whl", hash = "sha256:196ebad3a4882081f62a5bf4aeb7326aa34b110e533aab23e4374fcccb0890dc"},
    {file = "scipy-1.12.0-cp39-cp39-win_amd64.whl", hash = "sha256:b360f1b6b2f742781299514e99ff560d1fe9bd1bff2712894b52abe528d1fd1e"},
    {file = "scipy-1.12.0.tar.gz", hash = "sha256:4bf5abab8a36d20193c698b0f1fc282c1d083c94723902c447e5d2f1780936a3"},
]

[package.dependencies]
numpy = ">=1.22.4,<1.29.0"

[package.extras]
dev = ["click", "cython-lint (>=0.12.2)", "doit (>=0.36.0)", "mypy", "pycodestyle", "pydevtool", "rich-click", "ruff", "types-psutil", "typing_extensions"]
doc = ["jupytext", "matplotlib (>2)", "myst-nb", "numpydoc", "pooch", "pydata-sphinx-theme (==0.9.0)", "sphinx (!=4.1.0)", "sphinx-design (>=0.2.0)"]
test = ["asv", "gmpy2", "hypothesis", "mpmath", "pooch", "pytest", "pytest-cov", "pytest-timeout", "pytest-xdist", "scikit-umfpack", "threadpoolctl"]

[[package]]
name = "toolz"
version = "0.12.1"
description = "List processing tools and functional utilities"
category = "main"
optional = false
python-versions = ">=3.7"
files = [
    {file = "toolz-0.12.1-py3-none-any.whl", hash = "sha256:d22731364c07d72eea0a0ad45bafb2c2937ab6fd38a3507bf55eae8744aa7d85"},
    {file = "toolz-0.12.1.tar.gz", hash = "sha256:ecca342664893f177a13dac0e6b41cbd8ac25a358e5f215316d43e2100224f4d"},
]

[[package]]
name = "trimesh"
version = "4.2.4"
description = "Import, export, process, analyze and view triangular meshes."
category = "main"
optional = false
python-versions = ">=3.7"
files = [
    {file = "trimesh-4.2.4-py3-none-any.whl", hash = "sha256:980099a441b21f2e1f96cc007891dcc7858b69dd809ed3fbf5f0d45634703a4c"},
    {file = "trimesh-4.2.4.tar.gz", hash = "sha256:6aeb201638587b46ff85dfacced8b81a9322977345ebfcae5d26a3cbfd496576"},
]

[package.dependencies]
numpy = ">=1.20"

[package.extras]
all = ["trimesh[easy,recommend,test]"]
easy = ["chardet", "colorlog", "embreex", "httpx", "jsonschema", "lxml", "mapbox-earcut", "networkx", "pillow", "pycollada", "rtree", "scipy", "setuptools", "shapely", "svg.path", "vhacdx", "xatlas", "xxhash"]
recommend = ["cascadio", "glooey", "manifold3d (>=2.3.0)", "meshio", "openctm", "psutil", "pyglet (<2)", "python-fcl", "scikit-image", "sympy"]
test = ["coveralls", "ezdxf", "matplotlib", "pyinstrument", "pymeshlab", "pyright", "pytest", "pytest-beartype", "pytest-cov", "ruff"]

[[package]]
name = "typing-extensions"
version = "4.10.0"
description = "Backported and Experimental Type Hints for Python 3.8+"
category = "main"
optional = false
python-versions = ">=3.8"
files = [
    {file = "typing_extensions-4.10.0-py3-none-any.whl", hash = "sha256:69b1a937c3a517342112fb4c6df7e72fc39a38e7891a5730ed4985b5214b5475"},
    {file = "typing_extensions-4.10.0.tar.gz", hash = "sha256:b0abd7c89e8fb96f98db18d86106ff1d90ab692004eb746cf6eda2682f91b3cb"},
]

[[package]]
name = "zipp"
version = "3.18.1"
description = "Backport of pathlib-compatible object wrapper for zip files"
category = "main"
optional = false
python-versions = ">=3.8"
files = [
    {file = "zipp-3.18.1-py3-none-any.whl", hash = "sha256:206f5a15f2af3dbaee80769fb7dc6f249695e940acca08dfb2a4769fe61e538b"},
    {file = "zipp-3.18.1.tar.gz", hash = "sha256:2884ed22e7d8961de1c9a05142eb69a247f120291bc0206a00a7642f09b5b715"},
]

[package.extras]
docs = ["furo", "jaraco.packaging (>=9.3)", "jaraco.tidelift (>=1.4)", "rst.linker (>=1.9)", "sphinx (>=3.5)", "sphinx-lint"]
testing = ["big-O", "jaraco.functools", "jaraco.itertools", "more-itertools", "pytest (>=6)", "pytest-checkdocs (>=2.4)", "pytest-cov", "pytest-enabler (>=2.2)", "pytest-ignore-flaky", "pytest-mypy", "pytest-ruff (>=0.2.1)"]

[metadata]
lock-version = "2.0"
python-versions = ">=3.11, <3.12"
content-hash = "6380aaca8217b09aae66541131fbdc64d36a954fb9ec1f4dbf60a2f4daa8b91c"
